
Microsoft Visual Studio Solution File, Format Version 12.00
# Visual Studio Version 17
VisualStudioVersion = 17.0.31903.59
MinimumVisualStudioVersion = 10.0.40219.1
Project("{9A19103F-16F7-4668-BE54-9A1E7A4F7556}") = "LenovoLegionToolkit.WPF", "LenovoLegionToolkit.WPF\LenovoLegionToolkit.WPF.csproj", "{DC01FDB3-CDCF-4D08-B87E-CCCAE5A24FF7}"
EndProject
Project("{9A19103F-16F7-4668-BE54-9A1E7A4F7556}") = "LenovoLegionToolkit.Lib", "LenovoLegionToolkit.Lib\LenovoLegionToolkit.Lib.csproj", "{4B902DDC-0EBE-44B3-A53B-5EA176C7522B}"
EndProject
Project("{9A19103F-16F7-4668-BE54-9A1E7A4F7556}") = "LenovoLegionToolkit.Lib.Automation", "LenovoLegionToolkit.Lib.Automation\LenovoLegionToolkit.Lib.Automation.csproj", "{CB52B339-4311-47C9-B9EB-23643F10BEC9}"
EndProject
Global
	GlobalSection(SolutionConfigurationPlatforms) = preSolution
		Debug|Any CPU = Debug|Any CPU
		Release|Any CPU = Release|Any CPU
	EndGlobalSection
	GlobalSection(ProjectConfigurationPlatforms) = postSolution
		{DC01FDB3-CDCF-4D08-B87E-CCCAE5A24FF7}.Debug|Any CPU.ActiveCfg = Debug|Any CPU
		{DC01FDB3-CDCF-4D08-B87E-CCCAE5A24FF7}.Debug|Any CPU.Build.0 = Debug|Any CPU
		{DC01FDB3-CDCF-4D08-B87E-CCCAE5A24FF7}.Release|Any CPU.ActiveCfg = Release|Any CPU
		{DC01FDB3-CDCF-4D08-B87E-CCCAE5A24FF7}.Release|Any CPU.Build.0 = Release|Any CPU
		{4B902DDC-0EBE-44B3-A53B-5EA176C7522B}.Debug|Any CPU.ActiveCfg = Debug|Any CPU
		{4B902DDC-0EBE-44B3-A53B-5EA176C7522B}.Debug|Any CPU.Build.0 = Debug|Any CPU
		{4B902DDC-0EBE-44B3-A53B-5EA176C7522B}.Release|Any CPU.ActiveCfg = Release|Any CPU
		{4B902DDC-0EBE-44B3-A53B-5EA176C7522B}.Release|Any CPU.Build.0 = Release|Any CPU
		{CB52B339-4311-47C9-B9EB-23643F10BEC9}.Debug|Any CPU.ActiveCfg = Debug|Any CPU
		{CB52B339-4311-47C9-B9EB-23643F10BEC9}.Debug|Any CPU.Build.0 = Debug|Any CPU
		{CB52B339-4311-47C9-B9EB-23643F10BEC9}.Release|Any CPU.ActiveCfg = Release|Any CPU
		{CB52B339-4311-47C9-B9EB-23643F10BEC9}.Release|Any CPU.Build.0 = Release|Any CPU
	EndGlobalSection
	GlobalSection(SolutionProperties) = preSolution
		HideSolutionNode = FALSE
	EndGlobalSection
	GlobalSection(ExtensibilityGlobals) = postSolution
		SolutionGuid = {DA77E337-1B57-4D70-B454-BE5EA6E618D6}
	EndGlobalSection
EndGlobal
